
Microsoft Visual Studio Solution File, Format Version 12.00
# Visual Studio 15
VisualStudioVersion = 15.0.26124.0
MinimumVisualStudioVersion = 15.0.26124.0
Project("{FAE04EC0-301F-11D3-BF4B-00C04F79EFBC}") = "Core", "Core\Core.csproj", "{9741D425-CF66-467B-BEB7-25A79F04EBE8}"
EndProject
Project("{FAE04EC0-301F-11D3-BF4B-00C04F79EFBC}") = "Core.Test", "Core.Test\Core.Test.csproj", "{C244D48F-7EB8-4D53-90BD-8C640A049E03}"
EndProject
Global
	GlobalSection(SolutionConfigurationPlatforms) = preSolution
		Debug|Any CPU = Debug|Any CPU
		Debug|x64 = Debug|x64
		Debug|x86 = Debug|x86
		Release|Any CPU = Release|Any CPU
		Release|x64 = Release|x64
		Release|x86 = Release|x86
	EndGlobalSection
	GlobalSection(SolutionProperties) = preSolution
		HideSolutionNode = FALSE
	EndGlobalSection
	GlobalSection(ProjectConfigurationPlatforms) = postSolution
		{3CABCC1C-AA5A-490C-86F3-8CDC48C2C0BA}.Debug|Any CPU.ActiveCfg = Debug|Any CPU
		{3CABCC1C-AA5A-490C-86F3-8CDC48C2C0BA}.Debug|Any CPU.Build.0 = Debug|Any CPU
		{3CABCC1C-AA5A-490C-86F3-8CDC48C2C0BA}.Debug|x64.ActiveCfg = Debug|x64
		{3CABCC1C-AA5A-490C-86F3-8CDC48C2C0BA}.Debug|x64.Build.0 = Debug|x64
		{3CABCC1C-AA5A-490C-86F3-8CDC48C2C0BA}.Debug|x86.ActiveCfg = Debug|x86
		{3CABCC1C-AA5A-490C-86F3-8CDC48C2C0BA}.Debug|x86.Build.0 = Debug|x86
		{3CABCC1C-AA5A-490C-86F3-8CDC48C2C0BA}.Release|Any CPU.ActiveCfg = Release|Any CPU
		{3CABCC1C-AA5A-490C-86F3-8CDC48C2C0BA}.Release|Any CPU.Build.0 = Release|Any CPU
		{3CABCC1C-AA5A-490C-86F3-8CDC48C2C0BA}.Release|x64.ActiveCfg = Release|x64
		{3CABCC1C-AA5A-490C-86F3-8CDC48C2C0BA}.Release|x64.Build.0 = Release|x64
		{3CABCC1C-AA5A-490C-86F3-8CDC48C2C0BA}.Release|x86.ActiveCfg = Release|x86
		{3CABCC1C-AA5A-490C-86F3-8CDC48C2C0BA}.Release|x86.Build.0 = Release|x86
		{9741D425-CF66-467B-BEB7-25A79F04EBE8}.Debug|Any CPU.ActiveCfg = Debug|Any CPU
		{9741D425-CF66-467B-BEB7-25A79F04EBE8}.Debug|Any CPU.Build.0 = Debug|Any CPU
		{9741D425-CF66-467B-BEB7-25A79F04EBE8}.Debug|x64.ActiveCfg = Debug|x64
		{9741D425-CF66-467B-BEB7-25A79F04EBE8}.Debug|x64.Build.0 = Debug|x64
		{9741D425-CF66-467B-BEB7-25A79F04EBE8}.Debug|x86.ActiveCfg = Debug|x86
		{9741D425-CF66-467B-BEB7-25A79F04EBE8}.Debug|x86.Build.0 = Debug|x86
		{9741D425-CF66-467B-BEB7-25A79F04EBE8}.Release|Any CPU.ActiveCfg = Release|Any CPU
		{9741D425-CF66-467B-BEB7-25A79F04EBE8}.Release|Any CPU.Build.0 = Release|Any CPU
		{9741D425-CF66-467B-BEB7-25A79F04EBE8}.Release|x64.ActiveCfg = Release|x64
		{9741D425-CF66-467B-BEB7-25A79F04EBE8}.Release|x64.Build.0 = Release|x64
		{9741D425-CF66-467B-BEB7-25A79F04EBE8}.Release|x86.ActiveCfg = Release|x86
		{9741D425-CF66-467B-BEB7-25A79F04EBE8}.Release|x86.Build.0 = Release|x86
		{C244D48F-7EB8-4D53-90BD-8C640A049E03}.Debug|Any CPU.ActiveCfg = Debug|Any CPU
		{C244D48F-7EB8-4D53-90BD-8C640A049E03}.Debug|Any CPU.Build.0 = Debug|Any CPU
		{C244D48F-7EB8-4D53-90BD-8C640A049E03}.Debug|x64.ActiveCfg = Debug|x64
		{C244D48F-7EB8-4D53-90BD-8C640A049E03}.Debug|x64.Build.0 = Debug|x64
		{C244D48F-7EB8-4D53-90BD-8C640A049E03}.Debug|x86.ActiveCfg = Debug|x86
		{C244D48F-7EB8-4D53-90BD-8C640A049E03}.Debug|x86.Build.0 = Debug|x86
		{C244D48F-7EB8-4D53-90BD-8C640A049E03}.Release|Any CPU.ActiveCfg = Release|Any CPU
		{C244D48F-7EB8-4D53-90BD-8C640A049E03}.Release|Any CPU.Build.0 = Release|Any CPU
		{C244D48F-7EB8-4D53-90BD-8C640A049E03}.Release|x64.ActiveCfg = Release|x64
		{C244D48F-7EB8-4D53-90BD-8C640A049E03}.Release|x64.Build.0 = Release|x64
		{C244D48F-7EB8-4D53-90BD-8C640A049E03}.Release|x86.ActiveCfg = Release|x86
		{C244D48F-7EB8-4D53-90BD-8C640A049E03}.Release|x86.Build.0 = Release|x86
	EndGlobalSection
EndGlobal
